
Microsoft Visual Studio Solution File, Format Version 12.00
# Visual Studio Version 16
VisualStudioVersion = 16.0.30907.101
MinimumVisualStudioVersion = 10.0.40219.1
Project("{9A19103F-16F7-4668-BE54-9A1E7A4F7556}") = "DWX_Connect", "DWX_Connect.csproj", "{849955C4-4647-407C-B5F2-1A02E1AF256F}"
EndProject
Global
	GlobalSection(SolutionConfigurationPlatforms) = preSolution
		Debug|Any CPU = Debug|Any CPU
		Release|Any CPU = Release|Any CPU
	EndGlobalSection
	GlobalSection(ProjectConfigurationPlatforms) = postSolution
		{849955C4-4647-407C-B5F2-1A02E1AF256F}.Debug|Any CPU.ActiveCfg = Debug|Any CPU
		{849955C4-4647-407C-B5F2-1A02E1AF256F}.Debug|Any CPU.Build.0 = Debug|Any CPU
		{849955C4-4647-407C-B5F2-1A02E1AF256F}.Release|Any CPU.ActiveCfg = Release|Any CPU
		{849955C4-4647-407C-B5F2-1A02E1AF256F}.Release|Any CPU.Build.0 = Release|Any CPU
	EndGlobalSection
	GlobalSection(SolutionProperties) = preSolution
		HideSolutionNode = FALSE
	EndGlobalSection
	GlobalSection(ExtensibilityGlobals) = postSolution
		SolutionGuid = {11A5A9C8-C82B-47AE-95ED-B7FAC7460B42}
	EndGlobalSection
EndGlobal
