
Microsoft Visual Studio Solution File, Format Version 12.00
# Visual Studio Version 16
VisualStudioVersion = 16.0.30907.101
MinimumVisualStudioVersion = 10.0.40219.1
Project("{9A19103F-16F7-4668-BE54-9A1E7A4F7556}") = "DWXPerformanceTest", "DWXPerformanceTest.csproj", "{FC4A8BD7-6972-49AB-9544-6E7F5F762028}"
EndProject
Global
	GlobalSection(SolutionConfigurationPlatforms) = preSolution
		Debug|Any CPU = Debug|Any CPU
		Release|Any CPU = Release|Any CPU
	EndGlobalSection
	GlobalSection(ProjectConfigurationPlatforms) = postSolution
		{FC4A8BD7-6972-49AB-9544-6E7F5F762028}.Debug|Any CPU.ActiveCfg = Debug|Any CPU
		{FC4A8BD7-6972-49AB-9544-6E7F5F762028}.Debug|Any CPU.Build.0 = Debug|Any CPU
		{FC4A8BD7-6972-49AB-9544-6E7F5F762028}.Release|Any CPU.ActiveCfg = Release|Any CPU
		{FC4A8BD7-6972-49AB-9544-6E7F5F762028}.Release|Any CPU.Build.0 = Release|Any CPU
	EndGlobalSection
	GlobalSection(SolutionProperties) = preSolution
		HideSolutionNode = FALSE
	EndGlobalSection
	GlobalSection(ExtensibilityGlobals) = postSolution
		SolutionGuid = {05308521-9C32-4A2C-870D-49632594C332}
	EndGlobalSection
EndGlobal
